// !$*UTF8*$!
{
	archiveVersion = 1;
	classes = {
	};
	objectVersion = 51;
	objects = {

/* Begin PBXBuildFile section */
		57BF16862E5480EF393C2AD6 /* Pods_harusari_woobin.framework in Frameworks */ = {isa = PBXBuildFile; fileRef = 6CCF3B3C71AD7C8D6885A226 /* Pods_harusari_woobin.framework */; };
		BC153BC124C5470600BF05CB /* BMEULJIRO.otf in Resources */ = {isa = PBXBuildFile; fileRef = BC153BC024C5470600BF05CB /* BMEULJIRO.otf */; };
		BC153BC324C5493100BF05CB /* Extension.swift in Sources */ = {isa = PBXBuildFile; fileRef = BC153BC224C5493100BF05CB /* Extension.swift */; };
		BC3E6C7524C0432D00E61527 /* AddAccountVC.swift in Sources */ = {isa = PBXBuildFile; fileRef = BC3E6C7424C0432D00E61527 /* AddAccountVC.swift */; };
		BC3E6C7D24C0A31D00E61527 /* AddAccountView.swift in Sources */ = {isa = PBXBuildFile; fileRef = BC3E6C7C24C0A31D00E61527 /* AddAccountView.swift */; };
		BCA4094824C01FBC008C6CE0 /* AppDelegate.swift in Sources */ = {isa = PBXBuildFile; fileRef = BCA4094724C01FBC008C6CE0 /* AppDelegate.swift */; };
		BCA4094F24C01FBC008C6CE0 /* Main.storyboard in Resources */ = {isa = PBXBuildFile; fileRef = BCA4094D24C01FBC008C6CE0 /* Main.storyboard */; };
		BCA4095124C01FC0008C6CE0 /* Assets.xcassets in Resources */ = {isa = PBXBuildFile; fileRef = BCA4095024C01FC0008C6CE0 /* Assets.xcassets */; };
		BCA4095424C01FC0008C6CE0 /* LaunchScreen.storyboard in Resources */ = {isa = PBXBuildFile; fileRef = BCA4095224C01FC0008C6CE0 /* LaunchScreen.storyboard */; };
		BCA4095C24C0264C008C6CE0 /* AccountView.swift in Sources */ = {isa = PBXBuildFile; fileRef = BCA4095B24C0264C008C6CE0 /* AccountView.swift */; };
		BCA4096024C02B65008C6CE0 /* AccountVC.swift in Sources */ = {isa = PBXBuildFile; fileRef = BCA4095F24C02B65008C6CE0 /* AccountVC.swift */; };
		BCF50D1624C18BB100EF5877 /* ItemListTableViewCell.swift in Sources */ = {isa = PBXBuildFile; fileRef = BCF50D1524C18BB100EF5877 /* ItemListTableViewCell.swift */; };
		BCF50D1B24C1FBC300EF5877 /* AccountData.swift in Sources */ = {isa = PBXBuildFile; fileRef = BCF50D1A24C1FBC300EF5877 /* AccountData.swift */; };
/* End PBXBuildFile section */

/* Begin PBXFileReference section */
		6CCF3B3C71AD7C8D6885A226 /* Pods_harusari_woobin.framework */ = {isa = PBXFileReference; explicitFileType = wrapper.framework; includeInIndex = 0; path = Pods_harusari_woobin.framework; sourceTree = BUILT_PRODUCTS_DIR; };
		93211E3D5A79C60B4043CBA1 /* Pods-harusari-woobin.release.xcconfig */ = {isa = PBXFileReference; includeInIndex = 1; lastKnownFileType = text.xcconfig; name = "Pods-harusari-woobin.release.xcconfig"; path = "Target Support Files/Pods-harusari-woobin/Pods-harusari-woobin.release.xcconfig"; sourceTree = "<group>"; };
		BC153BC024C5470600BF05CB /* BMEULJIRO.otf */ = {isa = PBXFileReference; lastKnownFileType = file; path = BMEULJIRO.otf; sourceTree = "<group>"; };
		BC153BC224C5493100BF05CB /* Extension.swift */ = {isa = PBXFileReference; lastKnownFileType = sourcecode.swift; path = Extension.swift; sourceTree = "<group>"; };
		BC3E6C7424C0432D00E61527 /* AddAccountVC.swift */ = {isa = PBXFileReference; lastKnownFileType = sourcecode.swift; name = AddAccountVC.swift; path = "harusari-woobin/Controller/AddAccountVC.swift"; sourceTree = SOURCE_ROOT; };
		BC3E6C7C24C0A31D00E61527 /* AddAccountView.swift */ = {isa = PBXFileReference; lastKnownFileType = sourcecode.swift; path = AddAccountView.swift; sourceTree = "<group>"; };
		BCA4094424C01FBC008C6CE0 /* harusari-woobin.app */ = {isa = PBXFileReference; explicitFileType = wrapper.application; includeInIndex = 0; path = "harusari-woobin.app"; sourceTree = BUILT_PRODUCTS_DIR; };
		BCA4094724C01FBC008C6CE0 /* AppDelegate.swift */ = {isa = PBXFileReference; lastKnownFileType = sourcecode.swift; path = AppDelegate.swift; sourceTree = "<group>"; };
		BCA4094E24C01FBC008C6CE0 /* Base */ = {isa = PBXFileReference; lastKnownFileType = file.storyboard; name = Base; path = Base.lproj/Main.storyboard; sourceTree = "<group>"; };
		BCA4095024C01FC0008C6CE0 /* Assets.xcassets */ = {isa = PBXFileReference; lastKnownFileType = folder.assetcatalog; path = Assets.xcassets; sourceTree = "<group>"; };
		BCA4095324C01FC0008C6CE0 /* Base */ = {isa = PBXFileReference; lastKnownFileType = file.storyboard; name = Base; path = Base.lproj/LaunchScreen.storyboard; sourceTree = "<group>"; };
		BCA4095524C01FC0008C6CE0 /* Info.plist */ = {isa = PBXFileReference; lastKnownFileType = text.plist.xml; path = Info.plist; sourceTree = "<group>"; };
		BCA4095B24C0264C008C6CE0 /* AccountView.swift */ = {isa = PBXFileReference; lastKnownFileType = sourcecode.swift; path = AccountView.swift; sourceTree = "<group>"; };
		BCA4095F24C02B65008C6CE0 /* AccountVC.swift */ = {isa = PBXFileReference; lastKnownFileType = sourcecode.swift; path = AccountVC.swift; sourceTree = "<group>"; };
		BCF50D1524C18BB100EF5877 /* ItemListTableViewCell.swift */ = {isa = PBXFileReference; lastKnownFileType = sourcecode.swift; path = ItemListTableViewCell.swift; sourceTree = "<group>"; };
		BCF50D1A24C1FBC300EF5877 /* AccountData.swift */ = {isa = PBXFileReference; lastKnownFileType = sourcecode.swift; path = AccountData.swift; sourceTree = "<group>"; };
		E7BACC6286002B2DDD05A252 /* Pods-harusari-woobin.debug.xcconfig */ = {isa = PBXFileReference; includeInIndex = 1; lastKnownFileType = text.xcconfig; name = "Pods-harusari-woobin.debug.xcconfig"; path = "Target Support Files/Pods-harusari-woobin/Pods-harusari-woobin.debug.xcconfig"; sourceTree = "<group>"; };
/* End PBXFileReference section */

/* Begin PBXFrameworksBuildPhase section */
		BCA4094124C01FBC008C6CE0 /* Frameworks */ = {
			isa = PBXFrameworksBuildPhase;
			buildActionMask = 2147483647;
			files = (
				57BF16862E5480EF393C2AD6 /* Pods_harusari_woobin.framework in Frameworks */,
			);
			runOnlyForDeploymentPostprocessing = 0;
		};
/* End PBXFrameworksBuildPhase section */

/* Begin PBXGroup section */
		B576ACFEFA346D36A0AE735A /* Frameworks */ = {
			isa = PBXGroup;
			children = (
				6CCF3B3C71AD7C8D6885A226 /* Pods_harusari_woobin.framework */,
			);
			name = Frameworks;
			sourceTree = "<group>";
		};
		BC153BC424C5495F00BF05CB /* Extension */ = {
			isa = PBXGroup;
			children = (
				BC153BC224C5493100BF05CB /* Extension.swift */,
			);
			path = Extension;
			sourceTree = "<group>";
		};
		BCA4093B24C01FBC008C6CE0 = {
			isa = PBXGroup;
			children = (
				BCA4094624C01FBC008C6CE0 /* harusari-woobin */,
				BCA4094524C01FBC008C6CE0 /* Products */,
				EB9FBC70BAFBC1AC7AF4F2E4 /* Pods */,
				B576ACFEFA346D36A0AE735A /* Frameworks */,
			);
			sourceTree = "<group>";
		};
		BCA4094524C01FBC008C6CE0 /* Products */ = {
			isa = PBXGroup;
			children = (
				BCA4094424C01FBC008C6CE0 /* harusari-woobin.app */,
			);
			name = Products;
			sourceTree = "<group>";
		};
		BCA4094624C01FBC008C6CE0 /* harusari-woobin */ = {
			isa = PBXGroup;
			children = (
				BC153BC424C5495F00BF05CB /* Extension */,
				BCF50D1924C1FB9E00EF5877 /* Mode */,
				BCA4095E24C02B40008C6CE0 /* Controller */,
				BCA4095D24C02650008C6CE0 /* View */,
				BCA4094724C01FBC008C6CE0 /* AppDelegate.swift */,
				BCA4094D24C01FBC008C6CE0 /* Main.storyboard */,
				BCA4095024C01FC0008C6CE0 /* Assets.xcassets */,
				BCA4095224C01FC0008C6CE0 /* LaunchScreen.storyboard */,
				BCA4095524C01FC0008C6CE0 /* Info.plist */,
			);
			path = "harusari-woobin";
			sourceTree = "<group>";
		};
		BCA4095D24C02650008C6CE0 /* View */ = {
			isa = PBXGroup;
			children = (
				BCA4095B24C0264C008C6CE0 /* AccountView.swift */,
				BCF50D1524C18BB100EF5877 /* ItemListTableViewCell.swift */,
				BC3E6C7C24C0A31D00E61527 /* AddAccountView.swift */,
			);
			path = View;
			sourceTree = "<group>";
		};
		BCA4095E24C02B40008C6CE0 /* Controller */ = {
			isa = PBXGroup;
			children = (
				BCA4095F24C02B65008C6CE0 /* AccountVC.swift */,
				BC3E6C7424C0432D00E61527 /* AddAccountVC.swift */,
			);
			path = Controller;
			sourceTree = "<group>";
		};
		BCF50D1924C1FB9E00EF5877 /* Mode */ = {
			isa = PBXGroup;
			children = (
				BCF50D1A24C1FBC300EF5877 /* AccountData.swift */,
				BC153BC024C5470600BF05CB /* BMEULJIRO.otf */,
			);
			path = Mode;
			sourceTree = "<group>";
		};
		EB9FBC70BAFBC1AC7AF4F2E4 /* Pods */ = {
			isa = PBXGroup;
			children = (
				E7BACC6286002B2DDD05A252 /* Pods-harusari-woobin.debug.xcconfig */,
				93211E3D5A79C60B4043CBA1 /* Pods-harusari-woobin.release.xcconfig */,
			);
			path = Pods;
			sourceTree = "<group>";
		};
/* End PBXGroup section */

/* Begin PBXNativeTarget section */
		BCA4094324C01FBC008C6CE0 /* harusari-woobin */ = {
			isa = PBXNativeTarget;
			buildConfigurationList = BCA4095824C01FC0008C6CE0 /* Build configuration list for PBXNativeTarget "harusari-woobin" */;
			buildPhases = (
				D82DDCC9AEBDD72FF58BCE35 /* [CP] Check Pods Manifest.lock */,
				BCA4094024C01FBC008C6CE0 /* Sources */,
				BCA4094124C01FBC008C6CE0 /* Frameworks */,
				BCA4094224C01FBC008C6CE0 /* Resources */,
				9F0527E59F26080DA853A19D /* [CP] Embed Pods Frameworks */,
			);
			buildRules = (
			);
			dependencies = (
			);
			name = "harusari-woobin";
			productName = "harusari-woobin";
			productReference = BCA4094424C01FBC008C6CE0 /* harusari-woobin.app */;
			productType = "com.apple.product-type.application";
		};
/* End PBXNativeTarget section */

/* Begin PBXProject section */
		BCA4093C24C01FBC008C6CE0 /* Project object */ = {
			isa = PBXProject;
			attributes = {
				LastSwiftUpdateCheck = 1150;
				LastUpgradeCheck = 1150;
				ORGANIZATIONNAME = "Woobin Cheon";
				TargetAttributes = {
					BCA4094324C01FBC008C6CE0 = {
						CreatedOnToolsVersion = 11.5;
					};
				};
			};
			buildConfigurationList = BCA4093F24C01FBC008C6CE0 /* Build configuration list for PBXProject "harusari-woobin" */;
			compatibilityVersion = "Xcode 9.3";
			developmentRegion = en;
			hasScannedForEncodings = 0;
			knownRegions = (
				en,
				Base,
			);
			mainGroup = BCA4093B24C01FBC008C6CE0;
			productRefGroup = BCA4094524C01FBC008C6CE0 /* Products */;
			projectDirPath = "";
			projectRoot = "";
			targets = (
				BCA4094324C01FBC008C6CE0 /* harusari-woobin */,
			);
		};
/* End PBXProject section */

/* Begin PBXResourcesBuildPhase section */
		BCA4094224C01FBC008C6CE0 /* Resources */ = {
			isa = PBXResourcesBuildPhase;
			buildActionMask = 2147483647;
			files = (
				BCA4095424C01FC0008C6CE0 /* LaunchScreen.storyboard in Resources */,
				BC153BC124C5470600BF05CB /* BMEULJIRO.otf in Resources */,
				BCA4095124C01FC0008C6CE0 /* Assets.xcassets in Resources */,
				BCA4094F24C01FBC008C6CE0 /* Main.storyboard in Resources */,
			);
			runOnlyForDeploymentPostprocessing = 0;
		};
/* End PBXResourcesBuildPhase section */

/* Begin PBXShellScriptBuildPhase section */
		9F0527E59F26080DA853A19D /* [CP] Embed Pods Frameworks */ = {
			isa = PBXShellScriptBuildPhase;
			buildActionMask = 2147483647;
			files = (
			);
			inputFileListPaths = (
				"${PODS_ROOT}/Target Support Files/Pods-harusari-woobin/Pods-harusari-woobin-frameworks-${CONFIGURATION}-input-files.xcfilelist",
			);
			name = "[CP] Embed Pods Frameworks";
			outputFileListPaths = (
				"${PODS_ROOT}/Target Support Files/Pods-harusari-woobin/Pods-harusari-woobin-frameworks-${CONFIGURATION}-output-files.xcfilelist",
			);
			runOnlyForDeploymentPostprocessing = 0;
			shellPath = /bin/sh;
			shellScript = "\"${PODS_ROOT}/Target Support Files/Pods-harusari-woobin/Pods-harusari-woobin-frameworks.sh\"\n";
			showEnvVarsInLog = 0;
		};
		D82DDCC9AEBDD72FF58BCE35 /* [CP] Check Pods Manifest.lock */ = {
			isa = PBXShellScriptBuildPhase;
			buildActionMask = 2147483647;
			files = (
			);
			inputFileListPaths = (
			);
			inputPaths = (
				"${PODS_PODFILE_DIR_PATH}/Podfile.lock",
				"${PODS_ROOT}/Manifest.lock",
			);
			name = "[CP] Check Pods Manifest.lock";
			outputFileListPaths = (
			);
			outputPaths = (
				"$(DERIVED_FILE_DIR)/Pods-harusari-woobin-checkManifestLockResult.txt",
			);
			runOnlyForDeploymentPostprocessing = 0;
			shellPath = /bin/sh;
			shellScript = "diff \"${PODS_PODFILE_DIR_PATH}/Podfile.lock\" \"${PODS_ROOT}/Manifest.lock\" > /dev/null\nif [ $? != 0 ] ; then\n    # print error to STDERR\n    echo \"error: The sandbox is not in sync with the Podfile.lock. Run 'pod install' or update your CocoaPods installation.\" >&2\n    exit 1\nfi\n# This output is used by Xcode 'outputs' to avoid re-running this script phase.\necho \"SUCCESS\" > \"${SCRIPT_OUTPUT_FILE_0}\"\n";
			showEnvVarsInLog = 0;
		};
/* End PBXShellScriptBuildPhase section */

/* Begin PBXSourcesBuildPhase section */
		BCA4094024C01FBC008C6CE0 /* Sources */ = {
			isa = PBXSourcesBuildPhase;
			buildActionMask = 2147483647;
			files = (
				BC3E6C7524C0432D00E61527 /* AddAccountVC.swift in Sources */,
				BCA4095C24C0264C008C6CE0 /* AccountView.swift in Sources */,
				BCF50D1B24C1FBC300EF5877 /* AccountData.swift in Sources */,
				BCF50D1624C18BB100EF5877 /* ItemListTableViewCell.swift in Sources */,
				BC3E6C7D24C0A31D00E61527 /* AddAccountView.swift in Sources */,
				BCA4096024C02B65008C6CE0 /* AccountVC.swift in Sources */,
				BCA4094824C01FBC008C6CE0 /* AppDelegate.swift in Sources */,
				BC153BC324C5493100BF05CB /* Extension.swift in Sources */,
			);
			runOnlyForDeploymentPostprocessing = 0;
		};
/* End PBXSourcesBuildPhase section */

/* Begin PBXVariantGroup section */
		BCA4094D24C01FBC008C6CE0 /* Main.storyboard */ = {
			isa = PBXVariantGroup;
			children = (
				BCA4094E24C01FBC008C6CE0 /* Base */,
			);
			name = Main.storyboard;
			sourceTree = "<group>";
		};
		BCA4095224C01FC0008C6CE0 /* LaunchScreen.storyboard */ = {
			isa = PBXVariantGroup;
			children = (
				BCA4095324C01FC0008C6CE0 /* Base */,
			);
			name = LaunchScreen.storyboard;
			sourceTree = "<group>";
		};
/* End PBXVariantGroup section */

/* Begin XCBuildConfiguration section */
		BCA4095624C01FC0008C6CE0 /* Debug */ = {
			isa = XCBuildConfiguration;
			buildSettings = {
				ALWAYS_SEARCH_USER_PATHS = NO;
				CLANG_ANALYZER_NONNULL = YES;
				CLANG_ANALYZER_NUMBER_OBJECT_CONVERSION = YES_AGGRESSIVE;
				CLANG_CXX_LANGUAGE_STANDARD = "gnu++14";
				CLANG_CXX_LIBRARY = "libc++";
				CLANG_ENABLE_MODULES = YES;
				CLANG_ENABLE_OBJC_ARC = YES;
				CLANG_ENABLE_OBJC_WEAK = YES;
				CLANG_WARN_BLOCK_CAPTURE_AUTORELEASING = YES;
				CLANG_WARN_BOOL_CONVERSION = YES;
				CLANG_WARN_COMMA = YES;
				CLANG_WARN_CONSTANT_CONVERSION = YES;
				CLANG_WARN_DEPRECATED_OBJC_IMPLEMENTATIONS = YES;
				CLANG_WARN_DIRECT_OBJC_ISA_USAGE = YES_ERROR;
				CLANG_WARN_DOCUMENTATION_COMMENTS = YES;
				CLANG_WARN_EMPTY_BODY = YES;
				CLANG_WARN_ENUM_CONVERSION = YES;
				CLANG_WARN_INFINITE_RECURSION = YES;
				CLANG_WARN_INT_CONVERSION = YES;
				CLANG_WARN_NON_LITERAL_NULL_CONVERSION = YES;
				CLANG_WARN_OBJC_IMPLICIT_RETAIN_SELF = YES;
				CLANG_WARN_OBJC_LITERAL_CONVERSION = YES;
				CLANG_WARN_OBJC_ROOT_CLASS = YES_ERROR;
				CLANG_WARN_RANGE_LOOP_ANALYSIS = YES;
				CLANG_WARN_STRICT_PROTOTYPES = YES;
				CLANG_WARN_SUSPICIOUS_MOVE = YES;
				CLANG_WARN_UNGUARDED_AVAILABILITY = YES_AGGRESSIVE;
				CLANG_WARN_UNREACHABLE_CODE = YES;
				CLANG_WARN__DUPLICATE_METHOD_MATCH = YES;
				COPY_PHASE_STRIP = NO;
				DEBUG_INFORMATION_FORMAT = dwarf;
				ENABLE_STRICT_OBJC_MSGSEND = YES;
				ENABLE_TESTABILITY = YES;
				GCC_C_LANGUAGE_STANDARD = gnu11;
				GCC_DYNAMIC_NO_PIC = NO;
				GCC_NO_COMMON_BLOCKS = YES;
				GCC_OPTIMIZATION_LEVEL = 0;
				GCC_PREPROCESSOR_DEFINITIONS = (
					"DEBUG=1",
					"$(inherited)",
				);
				GCC_WARN_64_TO_32_BIT_CONVERSION = YES;
				GCC_WARN_ABOUT_RETURN_TYPE = YES_ERROR;
				GCC_WARN_UNDECLARED_SELECTOR = YES;
				GCC_WARN_UNINITIALIZED_AUTOS = YES_AGGRESSIVE;
				GCC_WARN_UNUSED_FUNCTION = YES;
				GCC_WARN_UNUSED_VARIABLE = YES;
				IPHONEOS_DEPLOYMENT_TARGET = 13.5;
				MTL_ENABLE_DEBUG_INFO = INCLUDE_SOURCE;
				MTL_FAST_MATH = YES;
				ONLY_ACTIVE_ARCH = YES;
				SDKROOT = iphoneos;
				SWIFT_ACTIVE_COMPILATION_CONDITIONS = DEBUG;
				SWIFT_OPTIMIZATION_LEVEL = "-Onone";
			};
			name = Debug;
		};
		BCA4095724C01FC0008C6CE0 /* Release */ = {
			isa = XCBuildConfiguration;
			buildSettings = {
				ALWAYS_SEARCH_USER_PATHS = NO;
				CLANG_ANALYZER_NONNULL = YES;
				CLANG_ANALYZER_NUMBER_OBJECT_CONVERSION = YES_AGGRESSIVE;
				CLANG_CXX_LANGUAGE_STANDARD = "gnu++14";
				CLANG_CXX_LIBRARY = "libc++";
				CLANG_ENABLE_MODULES = YES;
				CLANG_ENABLE_OBJC_ARC = YES;
				CLANG_ENABLE_OBJC_WEAK = YES;
				CLANG_WARN_BLOCK_CAPTURE_AUTORELEASING = YES;
				CLANG_WARN_BOOL_CONVERSION = YES;
				CLANG_WARN_COMMA = YES;
				CLANG_WARN_CONSTANT_CONVERSION = YES;
				CLANG_WARN_DEPRECATED_OBJC_IMPLEMENTATIONS = YES;
				CLANG_WARN_DIRECT_OBJC_ISA_USAGE = YES_ERROR;
				CLANG_WARN_DOCUMENTATION_COMMENTS = YES;
				CLANG_WARN_EMPTY_BODY = YES;
				CLANG_WARN_ENUM_CONVERSION = YES;
				CLANG_WARN_INFINITE_RECURSION = YES;
				CLANG_WARN_INT_CONVERSION = YES;
				CLANG_WARN_NON_LITERAL_NULL_CONVERSION = YES;
				CLANG_WARN_OBJC_IMPLICIT_RETAIN_SELF = YES;
				CLANG_WARN_OBJC_LITERAL_CONVERSION = YES;
				CLANG_WARN_OBJC_ROOT_CLASS = YES_ERROR;
				CLANG_WARN_RANGE_LOOP_ANALYSIS = YES;
				CLANG_WARN_STRICT_PROTOTYPES = YES;
				CLANG_WARN_SUSPICIOUS_MOVE = YES;
				CLANG_WARN_UNGUARDED_AVAILABILITY = YES_AGGRESSIVE;
				CLANG_WARN_UNREACHABLE_CODE = YES;
				CLANG_WARN__DUPLICATE_METHOD_MATCH = YES;
				COPY_PHASE_STRIP = NO;
				DEBUG_INFORMATION_FORMAT = "dwarf-with-dsym";
				ENABLE_NS_ASSERTIONS = NO;
				ENABLE_STRICT_OBJC_MSGSEND = YES;
				GCC_C_LANGUAGE_STANDARD = gnu11;
				GCC_NO_COMMON_BLOCKS = YES;
				GCC_WARN_64_TO_32_BIT_CONVERSION = YES;
				GCC_WARN_ABOUT_RETURN_TYPE = YES_ERROR;
				GCC_WARN_UNDECLARED_SELECTOR = YES;
				GCC_WARN_UNINITIALIZED_AUTOS = YES_AGGRESSIVE;
				GCC_WARN_UNUSED_FUNCTION = YES;
				GCC_WARN_UNUSED_VARIABLE = YES;
				IPHONEOS_DEPLOYMENT_TARGET = 13.5;
				MTL_ENABLE_DEBUG_INFO = NO;
				MTL_FAST_MATH = YES;
				SDKROOT = iphoneos;
				SWIFT_COMPILATION_MODE = wholemodule;
				SWIFT_OPTIMIZATION_LEVEL = "-O";
				VALIDATE_PRODUCT = YES;
			};
			name = Release;
		};
		BCA4095924C01FC0008C6CE0 /* Debug */ = {
			isa = XCBuildConfiguration;
			baseConfigurationReference = E7BACC6286002B2DDD05A252 /* Pods-harusari-woobin.debug.xcconfig */;
			buildSettings = {
				ASSETCATALOG_COMPILER_APPICON_NAME = AppIcon;
				CODE_SIGN_STYLE = Automatic;
				DEVELOPMENT_TEAM = W5DN7MBP3R;
				INFOPLIST_FILE = "harusari-woobin/Info.plist";
				LD_RUNPATH_SEARCH_PATHS = (
					"$(inherited)",
					"@executable_path/Frameworks",
				);
				PRODUCT_BUNDLE_IDENTIFIER = kr.roobing.fastcampus;
				PRODUCT_NAME = "$(TARGET_NAME)";
				SWIFT_VERSION = 5.0;
				TARGETED_DEVICE_FAMILY = "1,2";
			};
			name = Debug;
		};
		BCA4095A24C01FC0008C6CE0 /* Release */ = {
			isa = XCBuildConfiguration;
			baseConfigurationReference = 93211E3D5A79C60B4043CBA1 /* Pods-harusari-woobin.release.xcconfig */;
			buildSettings = {
				ASSETCATALOG_COMPILER_APPICON_NAME = AppIcon;
				CODE_SIGN_STYLE = Automatic;
				DEVELOPMENT_TEAM = W5DN7MBP3R;
				INFOPLIST_FILE = "harusari-woobin/Info.plist";
				LD_RUNPATH_SEARCH_PATHS = (
					"$(inherited)",
					"@executable_path/Frameworks",
				);
				PRODUCT_BUNDLE_IDENTIFIER = kr.roobing.fastcampus;
				PRODUCT_NAME = "$(TARGET_NAME)";
				SWIFT_VERSION = 5.0;
				TARGETED_DEVICE_FAMILY = "1,2";
			};
			name = Release;
		};
/* End XCBuildConfiguration section */

/* Begin XCConfigurationList section */
		BCA4093F24C01FBC008C6CE0 /* Build configuration list for PBXProject "harusari-woobin" */ = {
			isa = XCConfigurationList;
			buildConfigurations = (
				BCA4095624C01FC0008C6CE0 /* Debug */,
				BCA4095724C01FC0008C6CE0 /* Release */,
			);
			defaultConfigurationIsVisible = 0;
			defaultConfigurationName = Release;
		};
		BCA4095824C01FC0008C6CE0 /* Build configuration list for PBXNativeTarget "harusari-woobin" */ = {
			isa = XCConfigurationList;
			buildConfigurations = (
				BCA4095924C01FC0008C6CE0 /* Debug */,
				BCA4095A24C01FC0008C6CE0 /* Release */,
			);
			defaultConfigurationIsVisible = 0;
			defaultConfigurationName = Release;
		};
/* End XCConfigurationList section */
	};
	rootObject = BCA4093C24C01FBC008C6CE0 /* Project object */;
}
