// !$*UTF8*$!
{
	archiveVersion = 1;
	classes = {
	};
	objectVersion = 51;
	objects = {

/* Begin PBXBuildFile section */
		BC3E6C7024C03BB600E61527 /* AccountVC.swift in Sources */ = {isa = PBXBuildFile; fileRef = BC3E6C6F24C03BB600E61527 /* AccountVC.swift */; };
		BC3E6C7324C03BDA00E61527 /* AccountView.swift in Sources */ = {isa = PBXBuildFile; fileRef = BC3E6C7224C03BDA00E61527 /* AccountView.swift */; };
		D34DC1E624C2EBF300E7380D /* lf30_editor_alHpIE.json in Resources */ = {isa = PBXBuildFile; fileRef = D34DC1E524C2EBF300E7380D /* lf30_editor_alHpIE.json */; };
		D34DC1E824C2ED6500E7380D /* SignInVC2.swift in Sources */ = {isa = PBXBuildFile; fileRef = D34DC1E724C2ED6500E7380D /* SignInVC2.swift */; };
		D34DC1EA24C2EE0800E7380D /* AddAccountVC.swift in Sources */ = {isa = PBXBuildFile; fileRef = D34DC1E924C2EE0800E7380D /* AddAccountVC.swift */; };
		D34DC1EC24C2EE2F00E7380D /* AddAccountView.swift in Sources */ = {isa = PBXBuildFile; fileRef = D34DC1EB24C2EE2F00E7380D /* AddAccountView.swift */; };
		D34DC1EE24C2EE5C00E7380D /* ItemListTableViewCell.swift in Sources */ = {isa = PBXBuildFile; fileRef = D34DC1ED24C2EE5C00E7380D /* ItemListTableViewCell.swift */; };
		D3CF41F924C08B0E00B03592 /* BMEULJIRO.otf in Resources */ = {isa = PBXBuildFile; fileRef = D3CF41F824C08AB900B03592 /* BMEULJIRO.otf */; };
		D3D4A55524C2EB220015F434 /* Extension.swift in Sources */ = {isa = PBXBuildFile; fileRef = D3D4A55424C2EB220015F434 /* Extension.swift */; };
		D3E4852924C65F3C001A634B /* ContentViewController.swift in Sources */ = {isa = PBXBuildFile; fileRef = D3E4852824C65F3C001A634B /* ContentViewController.swift */; };
		D3E4852B24C668B9001A634B /* IntroVC.swift in Sources */ = {isa = PBXBuildFile; fileRef = D3E4852A24C668B9001A634B /* IntroVC.swift */; };
		DE38188E24BB47DA0011DC2E /* AppDelegate.swift in Sources */ = {isa = PBXBuildFile; fileRef = DE38188D24BB47DA0011DC2E /* AppDelegate.swift */; };
		DE38189224BB47DA0011DC2E /* SignInVC1.swift in Sources */ = {isa = PBXBuildFile; fileRef = DE38189124BB47DA0011DC2E /* SignInVC1.swift */; };
		DE38189524BB47DA0011DC2E /* Main.storyboard in Resources */ = {isa = PBXBuildFile; fileRef = DE38189324BB47DA0011DC2E /* Main.storyboard */; };
		DE38189724BB47DE0011DC2E /* Assets.xcassets in Resources */ = {isa = PBXBuildFile; fileRef = DE38189624BB47DE0011DC2E /* Assets.xcassets */; };
		DE38189A24BB47DE0011DC2E /* LaunchScreen.storyboard in Resources */ = {isa = PBXBuildFile; fileRef = DE38189824BB47DE0011DC2E /* LaunchScreen.storyboard */; };
		DE3818A724BD900A0011DC2E /* MainVC.swift in Sources */ = {isa = PBXBuildFile; fileRef = DE3818A624BD900A0011DC2E /* MainVC.swift */; };
		DE3818AB24BD93A20011DC2E /* GoogleService-Info.plist in Resources */ = {isa = PBXBuildFile; fileRef = DE3818AA24BD93A10011DC2E /* GoogleService-Info.plist */; };
		DE3818AD24BDF8CE0011DC2E /* SignUpVC.swift in Sources */ = {isa = PBXBuildFile; fileRef = DE3818AC24BDF8CE0011DC2E /* SignUpVC.swift */; };
		DE56488024BF5BB400D94697 /* UserModel.swift in Sources */ = {isa = PBXBuildFile; fileRef = DE56487F24BF5BB400D94697 /* UserModel.swift */; };
		ED0489960DD4C991C35F2B48 /* Pods_Harusali.framework in Frameworks */ = {isa = PBXBuildFile; fileRef = 3143CE3A6340A977366FCF7C /* Pods_Harusali.framework */; };
/* End PBXBuildFile section */

/* Begin PBXFileReference section */
		3143CE3A6340A977366FCF7C /* Pods_Harusali.framework */ = {isa = PBXFileReference; explicitFileType = wrapper.framework; includeInIndex = 0; path = Pods_Harusali.framework; sourceTree = BUILT_PRODUCTS_DIR; };
		9AA9F4F4BAD0ADA3DC2EBABC /* Pods-Harusali.release.xcconfig */ = {isa = PBXFileReference; includeInIndex = 1; lastKnownFileType = text.xcconfig; name = "Pods-Harusali.release.xcconfig"; path = "Target Support Files/Pods-Harusali/Pods-Harusali.release.xcconfig"; sourceTree = "<group>"; };
		BC3E6C6F24C03BB600E61527 /* AccountVC.swift */ = {isa = PBXFileReference; fileEncoding = 4; lastKnownFileType = sourcecode.swift; path = AccountVC.swift; sourceTree = "<group>"; };
		BC3E6C7224C03BDA00E61527 /* AccountView.swift */ = {isa = PBXFileReference; fileEncoding = 4; lastKnownFileType = sourcecode.swift; path = AccountView.swift; sourceTree = "<group>"; };
		D21AD8E7154A24576FC445A5 /* Pods-Harusali.debug.xcconfig */ = {isa = PBXFileReference; includeInIndex = 1; lastKnownFileType = text.xcconfig; name = "Pods-Harusali.debug.xcconfig"; path = "Target Support Files/Pods-Harusali/Pods-Harusali.debug.xcconfig"; sourceTree = "<group>"; };
		D34DC1E524C2EBF300E7380D /* lf30_editor_alHpIE.json */ = {isa = PBXFileReference; fileEncoding = 4; lastKnownFileType = text.json; path = lf30_editor_alHpIE.json; sourceTree = "<group>"; };
		D34DC1E724C2ED6500E7380D /* SignInVC2.swift */ = {isa = PBXFileReference; lastKnownFileType = sourcecode.swift; path = SignInVC2.swift; sourceTree = "<group>"; };
		D34DC1E924C2EE0800E7380D /* AddAccountVC.swift */ = {isa = PBXFileReference; lastKnownFileType = sourcecode.swift; path = AddAccountVC.swift; sourceTree = "<group>"; };
		D34DC1EB24C2EE2F00E7380D /* AddAccountView.swift */ = {isa = PBXFileReference; lastKnownFileType = sourcecode.swift; path = AddAccountView.swift; sourceTree = "<group>"; };
		D34DC1ED24C2EE5C00E7380D /* ItemListTableViewCell.swift */ = {isa = PBXFileReference; lastKnownFileType = sourcecode.swift; path = ItemListTableViewCell.swift; sourceTree = "<group>"; };
		D3CF41F824C08AB900B03592 /* BMEULJIRO.otf */ = {isa = PBXFileReference; lastKnownFileType = file; name = BMEULJIRO.otf; path = "이미지_폴더/BMEULJIRO.otf"; sourceTree = SOURCE_ROOT; };
		D3D4A55424C2EB220015F434 /* Extension.swift */ = {isa = PBXFileReference; lastKnownFileType = sourcecode.swift; path = Extension.swift; sourceTree = "<group>"; };
		D3E4852824C65F3C001A634B /* ContentViewController.swift */ = {isa = PBXFileReference; lastKnownFileType = sourcecode.swift; path = ContentViewController.swift; sourceTree = "<group>"; };
		D3E4852A24C668B9001A634B /* IntroVC.swift */ = {isa = PBXFileReference; lastKnownFileType = sourcecode.swift; path = IntroVC.swift; sourceTree = "<group>"; };
		DE38188A24BB47DA0011DC2E /* Harusali.app */ = {isa = PBXFileReference; explicitFileType = wrapper.application; includeInIndex = 0; path = Harusali.app; sourceTree = BUILT_PRODUCTS_DIR; };
		DE38188D24BB47DA0011DC2E /* AppDelegate.swift */ = {isa = PBXFileReference; lastKnownFileType = sourcecode.swift; path = AppDelegate.swift; sourceTree = "<group>"; };
		DE38189124BB47DA0011DC2E /* SignInVC1.swift */ = {isa = PBXFileReference; lastKnownFileType = sourcecode.swift; path = SignInVC1.swift; sourceTree = "<group>"; };
		DE38189424BB47DA0011DC2E /* Base */ = {isa = PBXFileReference; lastKnownFileType = file.storyboard; name = Base; path = Base.lproj/Main.storyboard; sourceTree = "<group>"; };
		DE38189624BB47DE0011DC2E /* Assets.xcassets */ = {isa = PBXFileReference; lastKnownFileType = folder.assetcatalog; path = Assets.xcassets; sourceTree = "<group>"; };
		DE38189924BB47DE0011DC2E /* Base */ = {isa = PBXFileReference; lastKnownFileType = file.storyboard; name = Base; path = Base.lproj/LaunchScreen.storyboard; sourceTree = "<group>"; };
		DE38189B24BB47DE0011DC2E /* Info.plist */ = {isa = PBXFileReference; lastKnownFileType = text.plist.xml; path = Info.plist; sourceTree = "<group>"; };
		DE3818A624BD900A0011DC2E /* MainVC.swift */ = {isa = PBXFileReference; lastKnownFileType = sourcecode.swift; path = MainVC.swift; sourceTree = "<group>"; };
		DE3818AA24BD93A10011DC2E /* GoogleService-Info.plist */ = {isa = PBXFileReference; lastKnownFileType = text.plist; path = "GoogleService-Info.plist"; sourceTree = SOURCE_ROOT; };
		DE3818AC24BDF8CE0011DC2E /* SignUpVC.swift */ = {isa = PBXFileReference; lastKnownFileType = sourcecode.swift; path = SignUpVC.swift; sourceTree = "<group>"; };
		DE56487F24BF5BB400D94697 /* UserModel.swift */ = {isa = PBXFileReference; lastKnownFileType = sourcecode.swift; path = UserModel.swift; sourceTree = "<group>"; };
/* End PBXFileReference section */

/* Begin PBXFrameworksBuildPhase section */
		DE38188724BB47DA0011DC2E /* Frameworks */ = {
			isa = PBXFrameworksBuildPhase;
			buildActionMask = 2147483647;
			files = (
				ED0489960DD4C991C35F2B48 /* Pods_Harusali.framework in Frameworks */,
			);
			runOnlyForDeploymentPostprocessing = 0;
		};
/* End PBXFrameworksBuildPhase section */

/* Begin PBXGroup section */
		81407A03BD5EB37261A97B62 /* Pods */ = {
			isa = PBXGroup;
			children = (
				D21AD8E7154A24576FC445A5 /* Pods-Harusali.debug.xcconfig */,
				9AA9F4F4BAD0ADA3DC2EBABC /* Pods-Harusali.release.xcconfig */,
			);
			path = Pods;
			sourceTree = "<group>";
		};
		A869F4042974B4D6B14E2AE8 /* Frameworks */ = {
			isa = PBXGroup;
			children = (
				3143CE3A6340A977366FCF7C /* Pods_Harusali.framework */,
			);
			name = Frameworks;
			sourceTree = "<group>";
		};
		BC3E6C7124C03BD300E61527 /* View */ = {
			isa = PBXGroup;
			children = (
				BC3E6C7224C03BDA00E61527 /* AccountView.swift */,
				D34DC1ED24C2EE5C00E7380D /* ItemListTableViewCell.swift */,
				D34DC1EB24C2EE2F00E7380D /* AddAccountView.swift */,
			);
			path = View;
			sourceTree = "<group>";
		};
		D3D4A55324C2EB180015F434 /* Extension */ = {
			isa = PBXGroup;
			children = (
				D3D4A55424C2EB220015F434 /* Extension.swift */,
			);
			path = Extension;
			sourceTree = "<group>";
		};
		DE38188124BB47DA0011DC2E = {
			isa = PBXGroup;
			children = (
				DE38188C24BB47DA0011DC2E /* Harusali */,
				DE38188B24BB47DA0011DC2E /* Products */,
				81407A03BD5EB37261A97B62 /* Pods */,
				A869F4042974B4D6B14E2AE8 /* Frameworks */,
			);
			sourceTree = "<group>";
		};
		DE38188B24BB47DA0011DC2E /* Products */ = {
			isa = PBXGroup;
			children = (
				DE38188A24BB47DA0011DC2E /* Harusali.app */,
			);
			name = Products;
			sourceTree = "<group>";
		};
		DE38188C24BB47DA0011DC2E /* Harusali */ = {
			isa = PBXGroup;
			children = (
				DE38188D24BB47DA0011DC2E /* AppDelegate.swift */,
				D3D4A55324C2EB180015F434 /* Extension */,
				BC3E6C7124C03BD300E61527 /* View */,
				DE58755224C029F600ECD4BA /* LottieFile */,
				DE56487E24BF5B9C00D94697 /* Model */,
				DE3818A324BB65440011DC2E /* Controller */,
				DE38189324BB47DA0011DC2E /* Main.storyboard */,
				DE38189624BB47DE0011DC2E /* Assets.xcassets */,
				DE38189824BB47DE0011DC2E /* LaunchScreen.storyboard */,
				DE38189B24BB47DE0011DC2E /* Info.plist */,
				DE3818AA24BD93A10011DC2E /* GoogleService-Info.plist */,
				D3CF41F824C08AB900B03592 /* BMEULJIRO.otf */,
			);
			path = Harusali;
			sourceTree = "<group>";
		};
		DE3818A324BB65440011DC2E /* Controller */ = {
			isa = PBXGroup;
			children = (
				DE38189124BB47DA0011DC2E /* SignInVC1.swift */,
				D34DC1E724C2ED6500E7380D /* SignInVC2.swift */,
				DE3818AC24BDF8CE0011DC2E /* SignUpVC.swift */,
				DE3818A624BD900A0011DC2E /* MainVC.swift */,
				BC3E6C6F24C03BB600E61527 /* AccountVC.swift */,
				D34DC1E924C2EE0800E7380D /* AddAccountVC.swift */,
				D3E4852824C65F3C001A634B /* ContentViewController.swift */,
				D3E4852A24C668B9001A634B /* IntroVC.swift */,
			);
			path = Controller;
			sourceTree = "<group>";
		};
		DE56487E24BF5B9C00D94697 /* Model */ = {
			isa = PBXGroup;
			children = (
				DE56487F24BF5BB400D94697 /* UserModel.swift */,
			);
			path = Model;
			sourceTree = "<group>";
		};
		DE58755224C029F600ECD4BA /* LottieFile */ = {
			isa = PBXGroup;
			children = (
				D34DC1E524C2EBF300E7380D /* lf30_editor_alHpIE.json */,
			);
			path = LottieFile;
			sourceTree = "<group>";
		};
/* End PBXGroup section */

/* Begin PBXNativeTarget section */
		DE38188924BB47DA0011DC2E /* Harusali */ = {
			isa = PBXNativeTarget;
			buildConfigurationList = DE38189E24BB47DE0011DC2E /* Build configuration list for PBXNativeTarget "Harusali" */;
			buildPhases = (
				A6215F39908C12CC2A17D866 /* [CP] Check Pods Manifest.lock */,
				DE38188624BB47DA0011DC2E /* Sources */,
				DE38188724BB47DA0011DC2E /* Frameworks */,
				DE38188824BB47DA0011DC2E /* Resources */,
				D098D7C47BA2ECB77E51D8FE /* [CP] Embed Pods Frameworks */,
			);
			buildRules = (
			);
			dependencies = (
			);
			name = Harusali;
			productName = Harusali;
			productReference = DE38188A24BB47DA0011DC2E /* Harusali.app */;
			productType = "com.apple.product-type.application";
		};
/* End PBXNativeTarget section */

/* Begin PBXProject section */
		DE38188224BB47DA0011DC2E /* Project object */ = {
			isa = PBXProject;
			attributes = {
				LastSwiftUpdateCheck = 1150;
				LastUpgradeCheck = 1150;
				ORGANIZATIONNAME = "김믿음";
				TargetAttributes = {
					DE38188924BB47DA0011DC2E = {
						CreatedOnToolsVersion = 11.5;
					};
				};
			};
			buildConfigurationList = DE38188524BB47DA0011DC2E /* Build configuration list for PBXProject "Harusali" */;
			compatibilityVersion = "Xcode 9.3";
			developmentRegion = en;
			hasScannedForEncodings = 0;
			knownRegions = (
				en,
				Base,
			);
			mainGroup = DE38188124BB47DA0011DC2E;
			productRefGroup = DE38188B24BB47DA0011DC2E /* Products */;
			projectDirPath = "";
			projectRoot = "";
			targets = (
				DE38188924BB47DA0011DC2E /* Harusali */,
			);
		};
/* End PBXProject section */

/* Begin PBXResourcesBuildPhase section */
		DE38188824BB47DA0011DC2E /* Resources */ = {
			isa = PBXResourcesBuildPhase;
			buildActionMask = 2147483647;
			files = (
				DE38189A24BB47DE0011DC2E /* LaunchScreen.storyboard in Resources */,
				DE3818AB24BD93A20011DC2E /* GoogleService-Info.plist in Resources */,
				D3CF41F924C08B0E00B03592 /* BMEULJIRO.otf in Resources */,
				DE38189724BB47DE0011DC2E /* Assets.xcassets in Resources */,
				D34DC1E624C2EBF300E7380D /* lf30_editor_alHpIE.json in Resources */,
				DE38189524BB47DA0011DC2E /* Main.storyboard in Resources */,
			);
			runOnlyForDeploymentPostprocessing = 0;
		};
/* End PBXResourcesBuildPhase section */

/* Begin PBXShellScriptBuildPhase section */
		A6215F39908C12CC2A17D866 /* [CP] Check Pods Manifest.lock */ = {
			isa = PBXShellScriptBuildPhase;
			buildActionMask = 2147483647;
			files = (
			);
			inputFileListPaths = (
			);
			inputPaths = (
				"${PODS_PODFILE_DIR_PATH}/Podfile.lock",
				"${PODS_ROOT}/Manifest.lock",
			);
			name = "[CP] Check Pods Manifest.lock";
			outputFileListPaths = (
			);
			outputPaths = (
				"$(DERIVED_FILE_DIR)/Pods-Harusali-checkManifestLockResult.txt",
			);
			runOnlyForDeploymentPostprocessing = 0;
			shellPath = /bin/sh;
			shellScript = "diff \"${PODS_PODFILE_DIR_PATH}/Podfile.lock\" \"${PODS_ROOT}/Manifest.lock\" > /dev/null\nif [ $? != 0 ] ; then\n    # print error to STDERR\n    echo \"error: The sandbox is not in sync with the Podfile.lock. Run 'pod install' or update your CocoaPods installation.\" >&2\n    exit 1\nfi\n# This output is used by Xcode 'outputs' to avoid re-running this script phase.\necho \"SUCCESS\" > \"${SCRIPT_OUTPUT_FILE_0}\"\n";
			showEnvVarsInLog = 0;
		};
		D098D7C47BA2ECB77E51D8FE /* [CP] Embed Pods Frameworks */ = {
			isa = PBXShellScriptBuildPhase;
			buildActionMask = 2147483647;
			files = (
			);
			inputFileListPaths = (
				"${PODS_ROOT}/Target Support Files/Pods-Harusali/Pods-Harusali-frameworks-${CONFIGURATION}-input-files.xcfilelist",
			);
			name = "[CP] Embed Pods Frameworks";
			outputFileListPaths = (
				"${PODS_ROOT}/Target Support Files/Pods-Harusali/Pods-Harusali-frameworks-${CONFIGURATION}-output-files.xcfilelist",
			);
			runOnlyForDeploymentPostprocessing = 0;
			shellPath = /bin/sh;
			shellScript = "\"${PODS_ROOT}/Target Support Files/Pods-Harusali/Pods-Harusali-frameworks.sh\"\n";
			showEnvVarsInLog = 0;
		};
/* End PBXShellScriptBuildPhase section */

/* Begin PBXSourcesBuildPhase section */
		DE38188624BB47DA0011DC2E /* Sources */ = {
			isa = PBXSourcesBuildPhase;
			buildActionMask = 2147483647;
			files = (
				D3D4A55524C2EB220015F434 /* Extension.swift in Sources */,
				DE56488024BF5BB400D94697 /* UserModel.swift in Sources */,
				D34DC1E824C2ED6500E7380D /* SignInVC2.swift in Sources */,
				DE3818AD24BDF8CE0011DC2E /* SignUpVC.swift in Sources */,
				D34DC1EA24C2EE0800E7380D /* AddAccountVC.swift in Sources */,
				D3E4852B24C668B9001A634B /* IntroVC.swift in Sources */,
				DE38189224BB47DA0011DC2E /* SignInVC1.swift in Sources */,
				BC3E6C7024C03BB600E61527 /* AccountVC.swift in Sources */,
				BC3E6C7324C03BDA00E61527 /* AccountView.swift in Sources */,
				D3E4852924C65F3C001A634B /* ContentViewController.swift in Sources */,
				D34DC1EE24C2EE5C00E7380D /* ItemListTableViewCell.swift in Sources */,
				DE3818A724BD900A0011DC2E /* MainVC.swift in Sources */,
				DE38188E24BB47DA0011DC2E /* AppDelegate.swift in Sources */,
				D34DC1EC24C2EE2F00E7380D /* AddAccountView.swift in Sources */,
			);
			runOnlyForDeploymentPostprocessing = 0;
		};
/* End PBXSourcesBuildPhase section */

/* Begin PBXVariantGroup section */
		DE38189324BB47DA0011DC2E /* Main.storyboard */ = {
			isa = PBXVariantGroup;
			children = (
				DE38189424BB47DA0011DC2E /* Base */,
			);
			name = Main.storyboard;
			sourceTree = "<group>";
		};
		DE38189824BB47DE0011DC2E /* LaunchScreen.storyboard */ = {
			isa = PBXVariantGroup;
			children = (
				DE38189924BB47DE0011DC2E /* Base */,
			);
			name = LaunchScreen.storyboard;
			sourceTree = "<group>";
		};
/* End PBXVariantGroup section */

/* Begin XCBuildConfiguration section */
		DE38189C24BB47DE0011DC2E /* Debug */ = {
			isa = XCBuildConfiguration;
			buildSettings = {
				ALWAYS_SEARCH_USER_PATHS = NO;
				CLANG_ANALYZER_NONNULL = YES;
				CLANG_ANALYZER_NUMBER_OBJECT_CONVERSION = YES_AGGRESSIVE;
				CLANG_CXX_LANGUAGE_STANDARD = "gnu++14";
				CLANG_CXX_LIBRARY = "libc++";
				CLANG_ENABLE_MODULES = YES;
				CLANG_ENABLE_OBJC_ARC = YES;
				CLANG_ENABLE_OBJC_WEAK = YES;
				CLANG_WARN_BLOCK_CAPTURE_AUTORELEASING = YES;
				CLANG_WARN_BOOL_CONVERSION = YES;
				CLANG_WARN_COMMA = YES;
				CLANG_WARN_CONSTANT_CONVERSION = YES;
				CLANG_WARN_DEPRECATED_OBJC_IMPLEMENTATIONS = YES;
				CLANG_WARN_DIRECT_OBJC_ISA_USAGE = YES_ERROR;
				CLANG_WARN_DOCUMENTATION_COMMENTS = YES;
				CLANG_WARN_EMPTY_BODY = YES;
				CLANG_WARN_ENUM_CONVERSION = YES;
				CLANG_WARN_INFINITE_RECURSION = YES;
				CLANG_WARN_INT_CONVERSION = YES;
				CLANG_WARN_NON_LITERAL_NULL_CONVERSION = YES;
				CLANG_WARN_OBJC_IMPLICIT_RETAIN_SELF = YES;
				CLANG_WARN_OBJC_LITERAL_CONVERSION = YES;
				CLANG_WARN_OBJC_ROOT_CLASS = YES_ERROR;
				CLANG_WARN_RANGE_LOOP_ANALYSIS = YES;
				CLANG_WARN_STRICT_PROTOTYPES = YES;
				CLANG_WARN_SUSPICIOUS_MOVE = YES;
				CLANG_WARN_UNGUARDED_AVAILABILITY = YES_AGGRESSIVE;
				CLANG_WARN_UNREACHABLE_CODE = YES;
				CLANG_WARN__DUPLICATE_METHOD_MATCH = YES;
				COPY_PHASE_STRIP = NO;
				DEBUG_INFORMATION_FORMAT = dwarf;
				ENABLE_STRICT_OBJC_MSGSEND = YES;
				ENABLE_TESTABILITY = YES;
				GCC_C_LANGUAGE_STANDARD = gnu11;
				GCC_DYNAMIC_NO_PIC = NO;
				GCC_NO_COMMON_BLOCKS = YES;
				GCC_OPTIMIZATION_LEVEL = 0;
				GCC_PREPROCESSOR_DEFINITIONS = (
					"DEBUG=1",
					"$(inherited)",
				);
				GCC_WARN_64_TO_32_BIT_CONVERSION = YES;
				GCC_WARN_ABOUT_RETURN_TYPE = YES_ERROR;
				GCC_WARN_UNDECLARED_SELECTOR = YES;
				GCC_WARN_UNINITIALIZED_AUTOS = YES_AGGRESSIVE;
				GCC_WARN_UNUSED_FUNCTION = YES;
				GCC_WARN_UNUSED_VARIABLE = YES;
				IPHONEOS_DEPLOYMENT_TARGET = 13.5;
				MTL_ENABLE_DEBUG_INFO = INCLUDE_SOURCE;
				MTL_FAST_MATH = YES;
				ONLY_ACTIVE_ARCH = YES;
				SDKROOT = iphoneos;
				SWIFT_ACTIVE_COMPILATION_CONDITIONS = DEBUG;
				SWIFT_OPTIMIZATION_LEVEL = "-Onone";
			};
			name = Debug;
		};
		DE38189D24BB47DE0011DC2E /* Release */ = {
			isa = XCBuildConfiguration;
			buildSettings = {
				ALWAYS_SEARCH_USER_PATHS = NO;
				CLANG_ANALYZER_NONNULL = YES;
				CLANG_ANALYZER_NUMBER_OBJECT_CONVERSION = YES_AGGRESSIVE;
				CLANG_CXX_LANGUAGE_STANDARD = "gnu++14";
				CLANG_CXX_LIBRARY = "libc++";
				CLANG_ENABLE_MODULES = YES;
				CLANG_ENABLE_OBJC_ARC = YES;
				CLANG_ENABLE_OBJC_WEAK = YES;
				CLANG_WARN_BLOCK_CAPTURE_AUTORELEASING = YES;
				CLANG_WARN_BOOL_CONVERSION = YES;
				CLANG_WARN_COMMA = YES;
				CLANG_WARN_CONSTANT_CONVERSION = YES;
				CLANG_WARN_DEPRECATED_OBJC_IMPLEMENTATIONS = YES;
				CLANG_WARN_DIRECT_OBJC_ISA_USAGE = YES_ERROR;
				CLANG_WARN_DOCUMENTATION_COMMENTS = YES;
				CLANG_WARN_EMPTY_BODY = YES;
				CLANG_WARN_ENUM_CONVERSION = YES;
				CLANG_WARN_INFINITE_RECURSION = YES;
				CLANG_WARN_INT_CONVERSION = YES;
				CLANG_WARN_NON_LITERAL_NULL_CONVERSION = YES;
				CLANG_WARN_OBJC_IMPLICIT_RETAIN_SELF = YES;
				CLANG_WARN_OBJC_LITERAL_CONVERSION = YES;
				CLANG_WARN_OBJC_ROOT_CLASS = YES_ERROR;
				CLANG_WARN_RANGE_LOOP_ANALYSIS = YES;
				CLANG_WARN_STRICT_PROTOTYPES = YES;
				CLANG_WARN_SUSPICIOUS_MOVE = YES;
				CLANG_WARN_UNGUARDED_AVAILABILITY = YES_AGGRESSIVE;
				CLANG_WARN_UNREACHABLE_CODE = YES;
				CLANG_WARN__DUPLICATE_METHOD_MATCH = YES;
				COPY_PHASE_STRIP = NO;
				DEBUG_INFORMATION_FORMAT = "dwarf-with-dsym";
				ENABLE_NS_ASSERTIONS = NO;
				ENABLE_STRICT_OBJC_MSGSEND = YES;
				GCC_C_LANGUAGE_STANDARD = gnu11;
				GCC_NO_COMMON_BLOCKS = YES;
				GCC_WARN_64_TO_32_BIT_CONVERSION = YES;
				GCC_WARN_ABOUT_RETURN_TYPE = YES_ERROR;
				GCC_WARN_UNDECLARED_SELECTOR = YES;
				GCC_WARN_UNINITIALIZED_AUTOS = YES_AGGRESSIVE;
				GCC_WARN_UNUSED_FUNCTION = YES;
				GCC_WARN_UNUSED_VARIABLE = YES;
				IPHONEOS_DEPLOYMENT_TARGET = 13.5;
				MTL_ENABLE_DEBUG_INFO = NO;
				MTL_FAST_MATH = YES;
				SDKROOT = iphoneos;
				SWIFT_COMPILATION_MODE = wholemodule;
				SWIFT_OPTIMIZATION_LEVEL = "-O";
				VALIDATE_PRODUCT = YES;
			};
			name = Release;
		};
		DE38189F24BB47DE0011DC2E /* Debug */ = {
			isa = XCBuildConfiguration;
			baseConfigurationReference = D21AD8E7154A24576FC445A5 /* Pods-Harusali.debug.xcconfig */;
			buildSettings = {
				ASSETCATALOG_COMPILER_APPICON_NAME = AppIcon;
				CODE_SIGN_STYLE = Automatic;
				DEVELOPMENT_TEAM = W5DN7MBP3R;
				INFOPLIST_FILE = Harusali/Info.plist;
				LD_RUNPATH_SEARCH_PATHS = (
					"$(inherited)",
					"@executable_path/Frameworks",
				);
				PRODUCT_BUNDLE_IDENTIFIER = kr.roobing.fastcampus;
				PRODUCT_NAME = "$(TARGET_NAME)";
				SWIFT_VERSION = 5.0;
				TARGETED_DEVICE_FAMILY = "1,2";
			};
			name = Debug;
		};
		DE3818A024BB47DE0011DC2E /* Release */ = {
			isa = XCBuildConfiguration;
			baseConfigurationReference = 9AA9F4F4BAD0ADA3DC2EBABC /* Pods-Harusali.release.xcconfig */;
			buildSettings = {
				ASSETCATALOG_COMPILER_APPICON_NAME = AppIcon;
				CODE_SIGN_STYLE = Automatic;
				DEVELOPMENT_TEAM = W5DN7MBP3R;
				INFOPLIST_FILE = Harusali/Info.plist;
				LD_RUNPATH_SEARCH_PATHS = (
					"$(inherited)",
					"@executable_path/Frameworks",
				);
				PRODUCT_BUNDLE_IDENTIFIER = kr.roobing.fastcampus;
				PRODUCT_NAME = "$(TARGET_NAME)";
				SWIFT_VERSION = 5.0;
				TARGETED_DEVICE_FAMILY = "1,2";
			};
			name = Release;
		};
/* End XCBuildConfiguration section */

/* Begin XCConfigurationList section */
		DE38188524BB47DA0011DC2E /* Build configuration list for PBXProject "Harusali" */ = {
			isa = XCConfigurationList;
			buildConfigurations = (
				DE38189C24BB47DE0011DC2E /* Debug */,
				DE38189D24BB47DE0011DC2E /* Release */,
			);
			defaultConfigurationIsVisible = 0;
			defaultConfigurationName = Release;
		};
		DE38189E24BB47DE0011DC2E /* Build configuration list for PBXNativeTarget "Harusali" */ = {
			isa = XCConfigurationList;
			buildConfigurations = (
				DE38189F24BB47DE0011DC2E /* Debug */,
				DE3818A024BB47DE0011DC2E /* Release */,
			);
			defaultConfigurationIsVisible = 0;
			defaultConfigurationName = Release;
		};
/* End XCConfigurationList section */
	};
	rootObject = DE38188224BB47DA0011DC2E /* Project object */;
}
